
Microsoft Visual Studio Solution File, Format Version 12.00
# Visual Studio 15
VisualStudioVersion = 15.0.26124.0
MinimumVisualStudioVersion = 15.0.26124.0
Project("{FAE04EC0-301F-11D3-BF4B-00C04F79EFBC}") = "ipsweb", "IPSWeb\ipsweb.csproj", "{D9939048-3ADE-47CA-B11C-510E56B512D3}"
EndProject
Project("{FAE04EC0-301F-11D3-BF4B-00C04F79EFBC}") = "Datos", "Datos\Datos.csproj", "{28B1069E-0DB1-4886-AA6C-28DD133D3A30}"
EndProject
Project("{FAE04EC0-301F-11D3-BF4B-00C04F79EFBC}") = "Logica", "Logica\Logica.csproj", "{82B86C36-833E-41CE-BF53-56B99460E366}"
EndProject
Project("{FAE04EC0-301F-11D3-BF4B-00C04F79EFBC}") = "Entity", "Entity\Entity.csproj", "{2D8468C9-F663-4D51-BC5F-3A4F1E93614E}"
EndProject
Global
	GlobalSection(SolutionConfigurationPlatforms) = preSolution
		Debug|Any CPU = Debug|Any CPU
		Debug|x64 = Debug|x64
		Debug|x86 = Debug|x86
		Release|Any CPU = Release|Any CPU
		Release|x64 = Release|x64
		Release|x86 = Release|x86
	EndGlobalSection
	GlobalSection(SolutionProperties) = preSolution
		HideSolutionNode = FALSE
	EndGlobalSection
	GlobalSection(ProjectConfigurationPlatforms) = postSolution
		{D9939048-3ADE-47CA-B11C-510E56B512D3}.Debug|Any CPU.ActiveCfg = Debug|Any CPU
		{D9939048-3ADE-47CA-B11C-510E56B512D3}.Debug|Any CPU.Build.0 = Debug|Any CPU
		{D9939048-3ADE-47CA-B11C-510E56B512D3}.Debug|x64.ActiveCfg = Debug|Any CPU
		{D9939048-3ADE-47CA-B11C-510E56B512D3}.Debug|x64.Build.0 = Debug|Any CPU
		{D9939048-3ADE-47CA-B11C-510E56B512D3}.Debug|x86.ActiveCfg = Debug|Any CPU
		{D9939048-3ADE-47CA-B11C-510E56B512D3}.Debug|x86.Build.0 = Debug|Any CPU
		{D9939048-3ADE-47CA-B11C-510E56B512D3}.Release|Any CPU.ActiveCfg = Release|Any CPU
		{D9939048-3ADE-47CA-B11C-510E56B512D3}.Release|Any CPU.Build.0 = Release|Any CPU
		{D9939048-3ADE-47CA-B11C-510E56B512D3}.Release|x64.ActiveCfg = Release|Any CPU
		{D9939048-3ADE-47CA-B11C-510E56B512D3}.Release|x64.Build.0 = Release|Any CPU
		{D9939048-3ADE-47CA-B11C-510E56B512D3}.Release|x86.ActiveCfg = Release|Any CPU
		{D9939048-3ADE-47CA-B11C-510E56B512D3}.Release|x86.Build.0 = Release|Any CPU
		{28B1069E-0DB1-4886-AA6C-28DD133D3A30}.Debug|Any CPU.ActiveCfg = Debug|Any CPU
		{28B1069E-0DB1-4886-AA6C-28DD133D3A30}.Debug|Any CPU.Build.0 = Debug|Any CPU
		{28B1069E-0DB1-4886-AA6C-28DD133D3A30}.Debug|x64.ActiveCfg = Debug|Any CPU
		{28B1069E-0DB1-4886-AA6C-28DD133D3A30}.Debug|x64.Build.0 = Debug|Any CPU
		{28B1069E-0DB1-4886-AA6C-28DD133D3A30}.Debug|x86.ActiveCfg = Debug|Any CPU
		{28B1069E-0DB1-4886-AA6C-28DD133D3A30}.Debug|x86.Build.0 = Debug|Any CPU
		{28B1069E-0DB1-4886-AA6C-28DD133D3A30}.Release|Any CPU.ActiveCfg = Release|Any CPU
		{28B1069E-0DB1-4886-AA6C-28DD133D3A30}.Release|Any CPU.Build.0 = Release|Any CPU
		{28B1069E-0DB1-4886-AA6C-28DD133D3A30}.Release|x64.ActiveCfg = Release|Any CPU
		{28B1069E-0DB1-4886-AA6C-28DD133D3A30}.Release|x64.Build.0 = Release|Any CPU
		{28B1069E-0DB1-4886-AA6C-28DD133D3A30}.Release|x86.ActiveCfg = Release|Any CPU
		{28B1069E-0DB1-4886-AA6C-28DD133D3A30}.Release|x86.Build.0 = Release|Any CPU
		{82B86C36-833E-41CE-BF53-56B99460E366}.Debug|Any CPU.ActiveCfg = Debug|Any CPU
		{82B86C36-833E-41CE-BF53-56B99460E366}.Debug|Any CPU.Build.0 = Debug|Any CPU
		{82B86C36-833E-41CE-BF53-56B99460E366}.Debug|x64.ActiveCfg = Debug|Any CPU
		{82B86C36-833E-41CE-BF53-56B99460E366}.Debug|x64.Build.0 = Debug|Any CPU
		{82B86C36-833E-41CE-BF53-56B99460E366}.Debug|x86.ActiveCfg = Debug|Any CPU
		{82B86C36-833E-41CE-BF53-56B99460E366}.Debug|x86.Build.0 = Debug|Any CPU
		{82B86C36-833E-41CE-BF53-56B99460E366}.Release|Any CPU.ActiveCfg = Release|Any CPU
		{82B86C36-833E-41CE-BF53-56B99460E366}.Release|Any CPU.Build.0 = Release|Any CPU
		{82B86C36-833E-41CE-BF53-56B99460E366}.Release|x64.ActiveCfg = Release|Any CPU
		{82B86C36-833E-41CE-BF53-56B99460E366}.Release|x64.Build.0 = Release|Any CPU
		{82B86C36-833E-41CE-BF53-56B99460E366}.Release|x86.ActiveCfg = Release|Any CPU
		{82B86C36-833E-41CE-BF53-56B99460E366}.Release|x86.Build.0 = Release|Any CPU
		{2D8468C9-F663-4D51-BC5F-3A4F1E93614E}.Debug|Any CPU.ActiveCfg = Debug|Any CPU
		{2D8468C9-F663-4D51-BC5F-3A4F1E93614E}.Debug|Any CPU.Build.0 = Debug|Any CPU
		{2D8468C9-F663-4D51-BC5F-3A4F1E93614E}.Debug|x64.ActiveCfg = Debug|Any CPU
		{2D8468C9-F663-4D51-BC5F-3A4F1E93614E}.Debug|x64.Build.0 = Debug|Any CPU
		{2D8468C9-F663-4D51-BC5F-3A4F1E93614E}.Debug|x86.ActiveCfg = Debug|Any CPU
		{2D8468C9-F663-4D51-BC5F-3A4F1E93614E}.Debug|x86.Build.0 = Debug|Any CPU
		{2D8468C9-F663-4D51-BC5F-3A4F1E93614E}.Release|Any CPU.ActiveCfg = Release|Any CPU
		{2D8468C9-F663-4D51-BC5F-3A4F1E93614E}.Release|Any CPU.Build.0 = Release|Any CPU
		{2D8468C9-F663-4D51-BC5F-3A4F1E93614E}.Release|x64.ActiveCfg = Release|Any CPU
		{2D8468C9-F663-4D51-BC5F-3A4F1E93614E}.Release|x64.Build.0 = Release|Any CPU
		{2D8468C9-F663-4D51-BC5F-3A4F1E93614E}.Release|x86.ActiveCfg = Release|Any CPU
		{2D8468C9-F663-4D51-BC5F-3A4F1E93614E}.Release|x86.Build.0 = Release|Any CPU
	EndGlobalSection
EndGlobal
